<?xml version="1.0" encoding="utf-8"?>
<Project ToolsVersion="4.0" xmlns="http://schemas.microsoft.com/developer/msbuild/2003">
  <ItemGroup>
    <Filter Include="Arquivos de Recurso">
      <UniqueIdentifier>{67DA6AB6-F800-4c08-8B7A-83BB121AAD01}</UniqueIdentifier>
      <Extensions>rc;ico;cur;bmp;dlg;rc2;rct;bin;rgs;gif;jpg;jpeg;jpe;resx;tiff;tif;png;wav;mfcribbon-ms</Extensions>
    </Filter>
    <Filter Include="config">
      <UniqueIdentifier>{53c06609-3cc4-474f-85d4-6ad2c3fef74e}</UniqueIdentifier>
    </Filter>
  </ItemGroup>
  <ItemGroup>
    <ClCompile Include="src\ui\main.cpp" />
    <ClCompile Include="src\services\signature_checker.cpp" />
    <ClCompile Include="src\services\api_client.cpp" />
    <ClCompile Include="src\scanners\url_scanner.cpp" />
    <ClCompile Include="src\scanners\file_scanner.cpp" />
    <ClCompile Include="src\core\verdict_engine.cpp" />
    <ClCompile Include="src\core\analysis_engine.cpp" />
    <ClCompile Include="src\analyzers\url_analyzer.cpp" />
    <ClCompile Include="src\analyzers\pe_analyzer.cpp" />
    <ClCompile Include="src\analyzers\indicator_extractor.cpp" />
    <ClCompile Include="src\analyzers\import_analyzer.cpp" />
    <ClCompile Include="src\core\analysis_control.cpp" />
    <ClCompile Include="src\analyzers\archive_analyzer.cpp" />
    <ClCompile Include="src\core\risk_engine.cpp" />
    <ClCompile Include="src\core\behavior_simulator.cpp" />
    <ClCompile Include="src\core\yara_engine.cpp" />
    <ClCompile Include="src\core\confidence_engine.cpp" />
    <ClCompile Include="src\core\evasion_engine.cpp" />
    <ClCompile Include="src\core\deobfuscation_engine.cpp" />
    <ClCompile Include="src\core\ioc_intelligence.cpp" />
    <ClCompile Include="src\core\memory_scanner.cpp" />
    <ClCompile Include="src\core\ml_classifier.cpp" />
    <ClCompile Include="src\core\plugin_engine.cpp" />
    <ClCompile Include="src\asm\asm_bridge.cpp" />
    <ClCompile Include="src\analyzers\embedded_payload_analyzer.cpp" />
    <ClCompile Include="src\analyzers\script_abuse_analyzer.cpp" />
  </ItemGroup>
  <ItemGroup>
    <ClInclude Include="include\analyzers\import_analyzer.h" />
    <ClInclude Include="include\analyzers\indicator_extractor.h" />
    <ClInclude Include="include\analyzers\pe_analyzer.h" />
    <ClInclude Include="include\analyzers\url_analyzer.h" />
    <ClInclude Include="include\core\analysis_engine.h" />
    <ClInclude Include="include\core\verdict_engine.h" />
    <ClInclude Include="include\scanners\file_scanner.h" />
    <ClInclude Include="include\scanners\url_scanner.h" />
    <ClInclude Include="include\services\api_client.h" />
    <ClInclude Include="include\services\signature_checker.h" />
    <ClInclude Include="include\third_party\json.hpp" />
    <ClInclude Include="include\core\analysis_control.h" />
    <ClInclude Include="include\core\advanced_analysis.h" />
    <ClInclude Include="include\analyzers\archive_analyzer.h" />
    <ClInclude Include="include\core\risk_engine.h" />
    <ClInclude Include="include\core\behavior_simulator.h" />
    <ClInclude Include="include\core\yara_engine.h" />
    <ClInclude Include="include\core\evasion_engine.h" />
    <ClInclude Include="include\core\confidence_engine.h" />
    <ClInclude Include="include\core\deobfuscation_engine.h" />
    <ClInclude Include="include\core\ioc_intelligence.h" />
    <ClInclude Include="include\core\memory_scanner.h" />
    <ClInclude Include="include\core\ml_classifier.h" />
    <ClInclude Include="include\core\plugin_engine.h" />
    <ClInclude Include="include\core\task_scheduler.h" />
    <ClInclude Include="include\asm\asm_bridge.h" />
    <ClInclude Include="include\analyzers\embedded_payload_analyzer.h" />
    <ClInclude Include="include\analyzers\script_abuse_analyzer.h" />
  </ItemGroup>
  <ItemGroup>
    <Manifest Include="BinaryLens.exe.manifest" />
  </ItemGroup>
  <ItemGroup>
    <ResourceCompile Include="BinaryLens.rc">
      <Filter>Arquivos de Recurso</Filter>
    </ResourceCompile>
  </ItemGroup>
  <ItemGroup>
    <None Include="rules\loader.yar" />
    <None Include="rules\ransomware.yar" />
    <None Include="rules\stealer.yar" />
    <None Include="rules\lolbins.yar" />
    <None Include="rules\deobfuscation.yar" />
    <None Include="rules\process_injection.yar" />
    <None Include="plugins\lolbin_pack.blp" />
  </ItemGroup>
  <ItemGroup>
    <Text Include="asm\BUILD_ASM_NOTES.txt" />
  </ItemGroup>
  <ItemGroup>
    <MASM Include="asm\entrypoint_profile_x64.asm" />
    <MASM Include="asm\pattern_scan_x64.asm" />
  </ItemGroup>
</Project>